
Microsoft Visual Studio Solution File, Format Version 12.00
# Visual Studio Version 16
VisualStudioVersion = 16.0.30503.244
MinimumVisualStudioVersion = 10.0.40219.1
Project("{FAE04EC0-301F-11D3-BF4B-00C04F79EFBC}") = "CykelUnitTest", "CykelUnitTest\CykelUnitTest.csproj", "{DA20F78F-3047-468A-A531-83AAC16B3478}"
EndProject
Project("{FAE04EC0-301F-11D3-BF4B-00C04F79EFBC}") = "CykelUnitTestTests", "CykelUnitTestTests\CykelUnitTestTests.csproj", "{87651CA4-9664-4E8F-B4D9-E63A0D051AE6}"
EndProject
Global
	GlobalSection(SolutionConfigurationPlatforms) = preSolution
		Debug|Any CPU = Debug|Any CPU
		Release|Any CPU = Release|Any CPU
	EndGlobalSection
	GlobalSection(ProjectConfigurationPlatforms) = postSolution
		{DA20F78F-3047-468A-A531-83AAC16B3478}.Debug|Any CPU.ActiveCfg = Debug|Any CPU
		{DA20F78F-3047-468A-A531-83AAC16B3478}.Debug|Any CPU.Build.0 = Debug|Any CPU
		{DA20F78F-3047-468A-A531-83AAC16B3478}.Release|Any CPU.ActiveCfg = Release|Any CPU
		{DA20F78F-3047-468A-A531-83AAC16B3478}.Release|Any CPU.Build.0 = Release|Any CPU
		{87651CA4-9664-4E8F-B4D9-E63A0D051AE6}.Debug|Any CPU.ActiveCfg = Debug|Any CPU
		{87651CA4-9664-4E8F-B4D9-E63A0D051AE6}.Debug|Any CPU.Build.0 = Debug|Any CPU
		{87651CA4-9664-4E8F-B4D9-E63A0D051AE6}.Release|Any CPU.ActiveCfg = Release|Any CPU
		{87651CA4-9664-4E8F-B4D9-E63A0D051AE6}.Release|Any CPU.Build.0 = Release|Any CPU
	EndGlobalSection
	GlobalSection(SolutionProperties) = preSolution
		HideSolutionNode = FALSE
	EndGlobalSection
	GlobalSection(ExtensibilityGlobals) = postSolution
		SolutionGuid = {CBC39299-AC90-4CF6-ADFF-526C48ED4F1B}
	EndGlobalSection
EndGlobal
